
Microsoft Visual Studio Solution File, Format Version 12.00
# Visual Studio Version 16
VisualStudioVersion = 16.0.30413.136
MinimumVisualStudioVersion = 10.0.40219.1
Project("{FAE04EC0-301F-11D3-BF4B-00C04F79EFBC}") = "MicrobiologyLab", "MicrobiologyLab.csproj", "{A7C8EB20-4E33-4913-9D9C-4B221CD91443}"
EndProject
Global
	GlobalSection(SolutionConfigurationPlatforms) = preSolution
		Debug|Any CPU = Debug|Any CPU
		Release|Any CPU = Release|Any CPU
	EndGlobalSection
	GlobalSection(ProjectConfigurationPlatforms) = postSolution
		{A7C8EB20-4E33-4913-9D9C-4B221CD91443}.Debug|Any CPU.ActiveCfg = Debug|Any CPU
		{A7C8EB20-4E33-4913-9D9C-4B221CD91443}.Debug|Any CPU.Build.0 = Debug|Any CPU
		{A7C8EB20-4E33-4913-9D9C-4B221CD91443}.Release|Any CPU.ActiveCfg = Release|Any CPU
		{A7C8EB20-4E33-4913-9D9C-4B221CD91443}.Release|Any CPU.Build.0 = Release|Any CPU
	EndGlobalSection
	GlobalSection(SolutionProperties) = preSolution
		HideSolutionNode = FALSE
	EndGlobalSection
	GlobalSection(ExtensibilityGlobals) = postSolution
		SolutionGuid = {B532703E-766A-4D9D-8B57-4839D6B97238}
	EndGlobalSection
EndGlobal
